{
  "requires": true,
  "lockfileVersion": 1,
  "dependencies": {
    "split.js": {
      "version": "1.5.11",
      "resolved": "https://registry.npmjs.org/split.js/-/split.js-1.5.11.tgz",
      "integrity": "sha512-ec0sAbWnaMGpNHWo1ZgIlF3Mx7GzSyaO0GlcEBZGIFZQwYPPkbDV6JRpDmpzIshVig7USREuEPudy0ygQaskXg==",
      "dev": true
    }
  }
}
